
Microsoft Visual Studio Solution File, Format Version 12.00
# Visual Studio Version 17
VisualStudioVersion = 17.14.36518.9
MinimumVisualStudioVersion = 10.0.40219.1
Project("{2150E333-8FDC-42A3-9474-1A3956D46DE8}") = "tests", "tests", "{02EA681E-C7D8-13C7-8484-4AC65E1B71E8}"
EndProject
Project("{2150E333-8FDC-42A3-9474-1A3956D46DE8}") = "src", "src", "{6DF52354-BD3D-4E15-80AB-EF22AB6D64C0}"
EndProject
Project("{FAE04EC0-301F-11D3-BF4B-00C04F79EFBC}") = "Galance.Api", "src\Galance.Api\Galance.Api.csproj", "{E52CDACE-E6C5-83C7-B25B-1B0927597F29}"
EndProject
Project("{FAE04EC0-301F-11D3-BF4B-00C04F79EFBC}") = "Galance.Application", "src\Galance.Application\Galance.Application.csproj", "{D6F1EDDD-3461-0968-D497-F7D1768C12AB}"
EndProject
Project("{FAE04EC0-301F-11D3-BF4B-00C04F79EFBC}") = "Galance.Domain", "src\Galance.Domain\Galance.Domain.csproj", "{52B2ADC5-BF61-22FA-6D17-45356FE4915E}"
EndProject
Project("{FAE04EC0-301F-11D3-BF4B-00C04F79EFBC}") = "Galance.Infrastructure", "src\Galance.Infrastructure\Galance.Infrastructure.csproj", "{5E4BDBF5-B958-AC75-F4AD-896CBCEBA1E7}"
EndProject
Project("{FAE04EC0-301F-11D3-BF4B-00C04F79EFBC}") = "Galance.Domain.UnitTests", "tests\Galance.Domain.UnitTests\Galance.Domain.UnitTests.csproj", "{D301BDB7-F445-4177-ACF2-D0DFF3AD28F8}"
EndProject
Project("{FAE04EC0-301F-11D3-BF4B-00C04F79EFBC}") = "Galance.Application.UnitTests", "tests\Galance.Application.UnitTests\Galance.Application.UnitTests.csproj", "{2E13E71B-D79E-49E7-900F-DCB29EEAECC8}"
EndProject
Project("{FAE04EC0-301F-11D3-BF4B-00C04F79EFBC}") = "Galance.Infrastructure.IntegrationTests", "tests\Galance.Infrastructure.IntegrationTests\Galance.Infrastructure.IntegrationTests.csproj", "{5A8A9DB9-623D-446C-9E77-6493E8516AFE}"
EndProject
Project("{FAE04EC0-301F-11D3-BF4B-00C04F79EFBC}") = "Galance.Api.FunctionalTests", "tests\Galance.Api.FunctionalTests\Galance.Api.FunctionalTests.csproj", "{B149001A-9C1E-4D1F-9AAC-C4183C57F40A}"
EndProject
Global
	GlobalSection(SolutionConfigurationPlatforms) = preSolution
		Debug|Any CPU = Debug|Any CPU
		Release|Any CPU = Release|Any CPU
	EndGlobalSection
	GlobalSection(ProjectConfigurationPlatforms) = postSolution
		{E52CDACE-E6C5-83C7-B25B-1B0927597F29}.Debug|Any CPU.ActiveCfg = Debug|Any CPU
		{E52CDACE-E6C5-83C7-B25B-1B0927597F29}.Debug|Any CPU.Build.0 = Debug|Any CPU
		{E52CDACE-E6C5-83C7-B25B-1B0927597F29}.Release|Any CPU.ActiveCfg = Release|Any CPU
		{E52CDACE-E6C5-83C7-B25B-1B0927597F29}.Release|Any CPU.Build.0 = Release|Any CPU
		{D6F1EDDD-3461-0968-D497-F7D1768C12AB}.Debug|Any CPU.ActiveCfg = Debug|Any CPU
		{D6F1EDDD-3461-0968-D497-F7D1768C12AB}.Debug|Any CPU.Build.0 = Debug|Any CPU
		{D6F1EDDD-3461-0968-D497-F7D1768C12AB}.Release|Any CPU.ActiveCfg = Release|Any CPU
		{D6F1EDDD-3461-0968-D497-F7D1768C12AB}.Release|Any CPU.Build.0 = Release|Any CPU
		{52B2ADC5-BF61-22FA-6D17-45356FE4915E}.Debug|Any CPU.ActiveCfg = Debug|Any CPU
		{52B2ADC5-BF61-22FA-6D17-45356FE4915E}.Debug|Any CPU.Build.0 = Debug|Any CPU
		{52B2ADC5-BF61-22FA-6D17-45356FE4915E}.Release|Any CPU.ActiveCfg = Release|Any CPU
		{52B2ADC5-BF61-22FA-6D17-45356FE4915E}.Release|Any CPU.Build.0 = Release|Any CPU
		{5E4BDBF5-B958-AC75-F4AD-896CBCEBA1E7}.Debug|Any CPU.ActiveCfg = Debug|Any CPU
		{5E4BDBF5-B958-AC75-F4AD-896CBCEBA1E7}.Debug|Any CPU.Build.0 = Debug|Any CPU
		{5E4BDBF5-B958-AC75-F4AD-896CBCEBA1E7}.Release|Any CPU.ActiveCfg = Release|Any CPU
		{5E4BDBF5-B958-AC75-F4AD-896CBCEBA1E7}.Release|Any CPU.Build.0 = Release|Any CPU
		{D301BDB7-F445-4177-ACF2-D0DFF3AD28F8}.Debug|Any CPU.ActiveCfg = Debug|Any CPU
		{D301BDB7-F445-4177-ACF2-D0DFF3AD28F8}.Debug|Any CPU.Build.0 = Debug|Any CPU
		{D301BDB7-F445-4177-ACF2-D0DFF3AD28F8}.Release|Any CPU.ActiveCfg = Release|Any CPU
		{D301BDB7-F445-4177-ACF2-D0DFF3AD28F8}.Release|Any CPU.Build.0 = Release|Any CPU
		{2E13E71B-D79E-49E7-900F-DCB29EEAECC8}.Debug|Any CPU.ActiveCfg = Debug|Any CPU
		{2E13E71B-D79E-49E7-900F-DCB29EEAECC8}.Debug|Any CPU.Build.0 = Debug|Any CPU
		{2E13E71B-D79E-49E7-900F-DCB29EEAECC8}.Release|Any CPU.ActiveCfg = Release|Any CPU
		{2E13E71B-D79E-49E7-900F-DCB29EEAECC8}.Release|Any CPU.Build.0 = Release|Any CPU
		{5A8A9DB9-623D-446C-9E77-6493E8516AFE}.Debug|Any CPU.ActiveCfg = Debug|Any CPU
		{5A8A9DB9-623D-446C-9E77-6493E8516AFE}.Debug|Any CPU.Build.0 = Debug|Any CPU
		{5A8A9DB9-623D-446C-9E77-6493E8516AFE}.Release|Any CPU.ActiveCfg = Release|Any CPU
		{5A8A9DB9-623D-446C-9E77-6493E8516AFE}.Release|Any CPU.Build.0 = Release|Any CPU
		{B149001A-9C1E-4D1F-9AAC-C4183C57F40A}.Debug|Any CPU.ActiveCfg = Debug|Any CPU
		{B149001A-9C1E-4D1F-9AAC-C4183C57F40A}.Debug|Any CPU.Build.0 = Debug|Any CPU
		{B149001A-9C1E-4D1F-9AAC-C4183C57F40A}.Release|Any CPU.ActiveCfg = Release|Any CPU
		{B149001A-9C1E-4D1F-9AAC-C4183C57F40A}.Release|Any CPU.Build.0 = Release|Any CPU
	EndGlobalSection
	GlobalSection(SolutionProperties) = preSolution
		HideSolutionNode = FALSE
	EndGlobalSection
	GlobalSection(NestedProjects) = preSolution
		{E52CDACE-E6C5-83C7-B25B-1B0927597F29} = {6DF52354-BD3D-4E15-80AB-EF22AB6D64C0}
		{D6F1EDDD-3461-0968-D497-F7D1768C12AB} = {6DF52354-BD3D-4E15-80AB-EF22AB6D64C0}
		{52B2ADC5-BF61-22FA-6D17-45356FE4915E} = {6DF52354-BD3D-4E15-80AB-EF22AB6D64C0}
		{5E4BDBF5-B958-AC75-F4AD-896CBCEBA1E7} = {6DF52354-BD3D-4E15-80AB-EF22AB6D64C0}
		{D301BDB7-F445-4177-ACF2-D0DFF3AD28F8} = {02EA681E-C7D8-13C7-8484-4AC65E1B71E8}
		{2E13E71B-D79E-49E7-900F-DCB29EEAECC8} = {02EA681E-C7D8-13C7-8484-4AC65E1B71E8}
		{5A8A9DB9-623D-446C-9E77-6493E8516AFE} = {02EA681E-C7D8-13C7-8484-4AC65E1B71E8}
		{B149001A-9C1E-4D1F-9AAC-C4183C57F40A} = {02EA681E-C7D8-13C7-8484-4AC65E1B71E8}
	EndGlobalSection
	GlobalSection(ExtensibilityGlobals) = postSolution
		SolutionGuid = {6C379B4F-81ED-4565-80E2-6B7756AC5AE8}
	EndGlobalSection
EndGlobal
